
Microsoft Visual Studio Solution File, Format Version 12.00
# Visual Studio Version 17
VisualStudioVersion = 17.9.34622.214
MinimumVisualStudioVersion = 10.0.40219.1
Project("{FAE04EC0-301F-11D3-BF4B-00C04F79EFBC}") = "RecyclingManagement", "Veterinaria\RecyclingManagement.csproj", "{78C55C60-4237-4B00-8F55-2F8AB1E9CCC9}"
EndProject
Global
	GlobalSection(SolutionConfigurationPlatforms) = preSolution
		Debug|Any CPU = Debug|Any CPU
		Release|Any CPU = Release|Any CPU
	EndGlobalSection
	GlobalSection(ProjectConfigurationPlatforms) = postSolution
		{78C55C60-4237-4B00-8F55-2F8AB1E9CCC9}.Debug|Any CPU.ActiveCfg = Debug|Any CPU
		{78C55C60-4237-4B00-8F55-2F8AB1E9CCC9}.Debug|Any CPU.Build.0 = Debug|Any CPU
		{78C55C60-4237-4B00-8F55-2F8AB1E9CCC9}.Release|Any CPU.ActiveCfg = Release|Any CPU
		{78C55C60-4237-4B00-8F55-2F8AB1E9CCC9}.Release|Any CPU.Build.0 = Release|Any CPU
	EndGlobalSection
	GlobalSection(SolutionProperties) = preSolution
		HideSolutionNode = FALSE
	EndGlobalSection
	GlobalSection(ExtensibilityGlobals) = postSolution
		SolutionGuid = {F9858982-78D0-41CA-99DB-063EBD9FEA09}
	EndGlobalSection
EndGlobal
